
Microsoft Visual Studio Solution File, Format Version 12.00
# Visual Studio Version 16
VisualStudioVersion = 16.0.31025.194
MinimumVisualStudioVersion = 10.0.40219.1
Project("{FAE04EC0-301F-11D3-BF4B-00C04F79EFBC}") = "Ejercicio_int", "Ejercicio_int\Ejercicio_int.csproj", "{8C879DFF-2BC3-458C-9415-682D2F6B48D2}"
EndProject
Project("{FAE04EC0-301F-11D3-BF4B-00C04F79EFBC}") = "Calculo_Perimetro", "Calculo_Perimetro\Calculo_Perimetro.csproj", "{ABA2F753-2055-40A7-B789-031F693184BC}"
EndProject
Project("{FAE04EC0-301F-11D3-BF4B-00C04F79EFBC}") = "Ejercicio_string", "Ejercicio_string\Ejercicio_string.csproj", "{0235BA62-E5E9-45BF-9F87-5ECF3207F451}"
EndProject
Global
	GlobalSection(SolutionConfigurationPlatforms) = preSolution
		Debug|Any CPU = Debug|Any CPU
		Release|Any CPU = Release|Any CPU
	EndGlobalSection
	GlobalSection(ProjectConfigurationPlatforms) = postSolution
		{8C879DFF-2BC3-458C-9415-682D2F6B48D2}.Debug|Any CPU.ActiveCfg = Debug|Any CPU
		{8C879DFF-2BC3-458C-9415-682D2F6B48D2}.Debug|Any CPU.Build.0 = Debug|Any CPU
		{8C879DFF-2BC3-458C-9415-682D2F6B48D2}.Release|Any CPU.ActiveCfg = Release|Any CPU
		{8C879DFF-2BC3-458C-9415-682D2F6B48D2}.Release|Any CPU.Build.0 = Release|Any CPU
		{ABA2F753-2055-40A7-B789-031F693184BC}.Debug|Any CPU.ActiveCfg = Debug|Any CPU
		{ABA2F753-2055-40A7-B789-031F693184BC}.Debug|Any CPU.Build.0 = Debug|Any CPU
		{ABA2F753-2055-40A7-B789-031F693184BC}.Release|Any CPU.ActiveCfg = Release|Any CPU
		{ABA2F753-2055-40A7-B789-031F693184BC}.Release|Any CPU.Build.0 = Release|Any CPU
		{0235BA62-E5E9-45BF-9F87-5ECF3207F451}.Debug|Any CPU.ActiveCfg = Debug|Any CPU
		{0235BA62-E5E9-45BF-9F87-5ECF3207F451}.Debug|Any CPU.Build.0 = Debug|Any CPU
		{0235BA62-E5E9-45BF-9F87-5ECF3207F451}.Release|Any CPU.ActiveCfg = Release|Any CPU
		{0235BA62-E5E9-45BF-9F87-5ECF3207F451}.Release|Any CPU.Build.0 = Release|Any CPU
	EndGlobalSection
	GlobalSection(SolutionProperties) = preSolution
		HideSolutionNode = FALSE
	EndGlobalSection
	GlobalSection(ExtensibilityGlobals) = postSolution
		SolutionGuid = {BF844F41-9CEE-4AF5-9B72-32A0B6C471EB}
	EndGlobalSection
EndGlobal
